{
  "name": "my-bookshelf-app",
  "version": "0.1.0",
  "lockfileVersion": 3,
  "requires": true,
  "packages": {
    "": {
      "name": "my-bookshelf-app",
      "version": "0.1.0",
      "dependencies": {
        "@hookform/resolvers": "^5.1.1",
        "@neondatabase/serverless": "^1.0.1",
        "@radix-ui/react-dialog": "^1.1.14",
        "@radix-ui/react-popover": "^1.1.14",
        "@radix-ui/react-slot": "^1.2.3",
        "@radix-ui/react-tooltip": "^1.2.7",
        "@tanstack/react-query": "^5.83.0",
        "@testing-library/dom": "^10.4.0",
        "@testing-library/jest-dom": "^6.6.3",
        "@testing-library/react": "^16.3.0",
        "@testing-library/user-event": "^13.5.0",
        "@types/jest": "^27.5.2",
        "@types/node": "^16.18.126",
        "@types/react": "^19.1.8",
        "@types/react-dom": "^19.1.6",
        "class-variance-authority": "^0.7.1",
        "concurrently": "^9.2.0",
        "cors": "^2.8.5",
        "date-fns": "^4.1.0",
        "dotenv": "^17.2.0",
        "drizzle-orm": "^0.44.2",
        "express": "^5.1.0",
        "framer-motion": "^12.23.3",
        "lucide-react": "^0.525.0",
        "npm": "^11.4.2",
        "openai": "^5.9.0",
        "pg": "^8.16.3",
        "react": "^19.1.0",
        "react-dom": "^19.1.0",
        "react-hook-form": "^7.60.0",

        "typescript": "^4.9.5",
        "web-vitals": "^2.1.4",
        "wouter": "^3.7.1",
        "zod": "^3.23.8"
      },
      "devDependencies": {
        "@craco/craco": "^7.1.0",
        "@tailwindcss/postcss": "^4.1.11",
        "@types/pg": "^8.15.4",
        "autoprefixer": "^10.4.21",

      }
    },
    "node_modules/@adobe/css-tools": {
      "version": "4.4.3",
      "resolved": "https://registry.npmjs.org/@adobe/css-tools/-/css-tools-4.4.3.tgz",
      "integrity": "sha512-VQKMkwriZbaOgVCby1UDY/LDk5fIjhQicCvVPFqfe+69fWaPWydbWJ3wRt59/YzIwda1I81loas3oCoHxnqvdA==",
      "license": "MIT"
    },
    "node_modules/@alloc/quick-lru": {
      "version": "5.2.0",
      "resolved": "https://registry.npmjs.org/@alloc/quick-lru/-/quick-lru-5.2.0.tgz",
      "integrity": "sha512-UrcABB+4bUrFABwbluTIBErXwvbsU/V7TZWfmbgJfbkwiBuziS9gxdODUyuiecfdGQ85jglMW6juS3+z5TsKLw==",
      "license": "MIT",
      "engines": {
        "node": ">=10"
      },
      "funding": {
        "url": "https://github.com/sponsors/sindresorhus"
      }
    },
    "node_modules/@ampproject/remapping": {
      "version": "2.3.0",
      "resolved": "https://registry.npmjs.org/@ampproject/remapping/-/remapping-2.3.0.tgz",
      "integrity": "sha512-30iZtAPgz+LTIYoeivqYo853f02jBYSd5uGnGpkFV0M3xOt9aN73erkgYAmZU43x4VfqcnLxW9Kpg3R5LC4YYw==",
      "license": "Apache-2.0",
      "dependencies": {
        "@jridgewell/gen-mapping": "^0.3.5",
        "@jridgewell/trace-mapping": "^0.3.24"
      },
      "engines": {
        "node": ">=6.0.0"
      }
    },
    "node_modules/@alloc/quick-lru": {
      "version": "5.2.0",
      "resolved": "https://registry.npmjs.org/@alloc/quick-lru/-/quick-lru-5.2.0.tgz",
      "integrity": "sha512-UrcABB+4bUrFABwbluTIBErXwvbsU/V7TZWfmbgJfbkwiBuziS9gxdODUyuiecfdGQ85jglMW6juS3+z5TsKLw==",
      "license": "MIT",
      "engines": {
        "node": ">=10"
      },
      "funding": {
        "url": "https://github.com/sponsors/sindresorhus"
      }
    },
    "node_modules/@ampproject/remapping": {
      "version": "2.3.0",
      "resolved": "https://registry.npmjs.org/@ampproject/remapping/-/remapping-2.3.0.tgz",
      "integrity": "sha512-30iZtAPgz+LTIYoeivqYo853f02jBYSd5uGnGpkFV0M3xOt9aN73erkgYAmZU43x4VfqcnLxW9Kpg3R5LC4YYw==",
      "license": "Apache-2.0",
      "dependencies": {
        "@jridgewell/gen-mapping": "^0.3.5",
        "@jridgewell/trace-mapping": "^0.3.24"
      },
      "engines": {
        "node": ">=6.0.0"
      }
    },

    "node_modules/@babel/code-frame": {
      "version": "7.27.1",
      "resolved": "https://registry.npmjs.org/@babel/code-frame/-/code-frame-7.27.1.tgz",
      "integrity": "sha512-cjQ7ZlQ0Mv3b47hABuTevyTuYN4i+loJKGeV9flcCgIK37cCXRh+L1bd3iBHlynerhQ7BhCkn2BPbQUL+rGqFg==",
      "license": "MIT",
      "dependencies": {
        "@babel/helper-validator-identifier": "^7.27.1",
        "js-tokens": "^4.0.0",
        "picocolors": "^1.1.1"
      },
      "engines": {
        "node": ">=6.9.0"
      }
    },
    "node_modules/@babel/compat-data": {
      "version": "7.28.0",
      "resolved": "https://registry.npmjs.org/@babel/compat-data/-/compat-data-7.28.0.tgz",
      "integrity": "sha512-60X7qkglvrap8mn1lh2ebxXdZYtUcpd7gsmy9kLaBJ4i/WdY8PqTSdxyA8qraikqKQK5C1KRBKXqznrVapyNaw==",
      "license": "MIT",
      "engines": {
        "node": ">=6.9.0"
      }
    },
    "node_modules/@babel/core": {
      "version": "7.28.0",
      "resolved": "https://registry.npmjs.org/@babel/core/-/core-7.28.0.tgz",
      "integrity": "sha512-UlLAnTPrFdNGoFtbSXwcGFQBtQZJCNjaN6hQNP3UPvuNXT1i82N26KL3dZeIpNalWywr9IuQuncaAfUaS1g6sQ==",
      "license": "MIT",
      "dependencies": {
        "@ampproject/remapping": "^2.2.0",
        "@babel/code-frame": "^7.27.1",
        "@babel/generator": "^7.28.0",
        "@babel/helper-compilation-targets": "^7.27.2",
        "@babel/helper-module-transforms": "^7.27.3",
        "@babel/helpers": "^7.27.6",
        "@babel/parser": "^7.28.0",
        "@babel/template": "^7.27.2",
        "@babel/traverse": "^7.28.0",
        "@babel/types": "^7.28.0",
        "convert-source-map": "^2.0.0",
        "debug": "^4.1.0",
        "gensync": "^1.0.0-beta.2",
        "json5": "^2.2.3",
        "semver": "^6.3.1"
      },
      "engines": {
        "node": ">=6.9.0"
      },
      "funding": {
        "type": "opencollective",
        "url": "https://opencollective.com/babel"
      }
    },
    "node_modules/@babel/core/node_modules/semver": {
      "version": "6.3.1",
      "resolved": "https://registry.npmjs.org/semver/-/semver-6.3.1.tgz",
      "integrity": "sha512-BR7VvDCVHO+q2xBEWskxS6DJE1qRnb7DxzUrogb71CWoSficBxYsiAGd+Kl0mmq/MprG9yArRkyrQxTO6XjMzA==",
      "license": "ISC",
      "bin": {
        "semver": "bin/semver.js"

      },
      "engines": {
        "node": ">=6.9.0"
      },

      "license": "MIT",
      "dependencies": {
        "@babel/helper-plugin-utils": "^7.27.1"
      },
      "engines": {
        "node": ">=6.9.0"
      },
      "peerDependencies": {

      },
      "engines": {
        "node": ">=6.9.0"
      },
      "peerDependencies": {

      },
      "engines": {
        "node": ">=6.9.0"
      },
      "peerDependencies": {

      },
      "engines": {
        "node": ">=6.9.0"
      },
      "peerDependencies": {
        "@babel/core": "^7.0.0-0"
      }
    },

      },
      "engines": {
        "node": ">=6.9.0"
      },
      "peerDependencies": {
        "@babel/core": "^7.0.0-0"
      }
    },

      },
      "engines": {
        "node": ">=6.9.0"
      },
      "peerDependencies": {
        "@babel/core": "^7.0.0-0"
      }
    },

      "peerDependencies": {
        "@babel/core": "^7.0.0-0"
      }
    },

      },
      "engines": {
        "node": ">=6.9.0"
      },
      "peerDependencies": {
        "@babel/core": "^7.0.0-0"
      }
    },

      "peerDependencies": {
        "@babel/core": "^7.0.0-0"
      }
    },

      "engines": {
        "node": ">=6.9.0"
      },
      "peerDependencies": {
        "@babel/core": "^7.0.0-0"
      }
    },

      },
      "peerDependencies": {
        "@babel/core": "^7.0.0-0"
      }
    },

      "peerDependencies": {
        "@babel/core": "^7.0.0-0"
      }
    },

      },
      "peerDependencies": {
        "@babel/core": "^7.0.0-0"
      }
    },

      },
      "engines": {
        "node": ">=6.9.0"
      },
      "peerDependencies": {
        "@babel/core": "^7.0.0-0"
      }
    },

      "license": "MIT",
      "dependencies": {
        "@babel/helper-plugin-utils": "^7.27.1"
      },
      "engines": {
        "node": ">=6.9.0"
      },
      "peerDependencies": {
        "@babel/core": "^7.0.0-0"
      }
    },

      "license": "MIT",
      "dependencies": {
        "@babel/helper-plugin-utils": "^7.27.1"
      },
      "engines": {
        "node": ">=6.9.0"
      },
      "peerDependencies": {
        "@babel/core": "^7.0.0-0"

        "@babel/helper-plugin-utils": "^7.27.1"
      },
      "engines": {
        "node": ">=6.9.0"
      },
      "peerDependencies": {
        "@babel/core": "^7.0.0-0"
      }
    },

      },
      "engines": {
        "node": ">=6.9.0"
      },
      "peerDependencies": {
        "@babel/core": "^7.0.0-0"
      }
    },

      },
      "peerDependencies": {
        "@babel/core": "^7.0.0-0"
      }
    },

        "node": "^12 || ^14 || >=16"
      },
      "funding": {
        "type": "opencollective",
        "url": "https://opencollective.com/csstools"
      },
      "peerDependencies": {
        "postcss": "^8.2"

      "dependencies": {
        "postcss-value-parser": "^4.2.0"
      },
      "engines": {

      "dependencies": {
        "postcss-value-parser": "^4.2.0"
      },
      "engines": {

      },
      "funding": {
        "type": "opencollective",
        "url": "https://opencollective.com/csstools"
      },
      "peerDependencies": {
        "postcss": "^8.2"
      }
    },

      },
      "funding": {
        "type": "opencollective",
        "url": "https://opencollective.com/csstools"
      },
      "peerDependencies": {

      "engines": {
        "node": ">=12"
      },
      "funding": {
        "url": "https://github.com/chalk/wrap-ansi?sponsor=1"
      }
    },

      },
      "engines": {
        "node": "^18.17.0 || >=20.5.0"
      }
    },

      },
      "funding": {
        "url": "https://github.com/sponsors/sindresorhus"
      }
    },
    "node_modules/react-dom": {
      "version": "19.1.0",
      "resolved": "https://registry.npmjs.org/react-dom/-/react-dom-19.1.0.tgz",
      "integrity": "sha512-Xs1hdnE+DyKgeHJeJznQmYMIBG3TKIHJJT95Q58nHLSrElKlGQqDTR2HQ9fx5CN/Gk6Vh/kupBTDLU11/nDk/g==",
      "license": "MIT",
      "dependencies": {
        "scheduler": "^0.26.0"
      },
      "peerDependencies": {
        "react": "^19.1.0"
      }
    },
    "node_modules/react-error-overlay": {
      "version": "6.1.0",
      "resolved": "https://registry.npmjs.org/react-error-overlay/-/react-error-overlay-6.1.0.tgz",
      "integrity": "sha512-SN/U6Ytxf1QGkw/9ve5Y+NxBbZM6Ht95tuXNMKs8EJyFa/Vy/+Co3stop3KBHARfn/giv+Lj1uUnTfOJ3moFEQ==",
      "license": "MIT"
    },
    "node_modules/react-hook-form": {
      "version": "7.60.0",
      "resolved": "https://registry.npmjs.org/react-hook-form/-/react-hook-form-7.60.0.tgz",
      "integrity": "sha512-SBrYOvMbDB7cV8ZfNpaiLcgjH/a1c7aK0lK+aNigpf4xWLO8q+o4tcvVurv3c4EOyzn/3dCsYt4GKD42VvJ/+A==",
      "license": "MIT",
      "engines": {

      },
      "engines": {
        "node": ">=10"
      },
      "peerDependencies": {
        "@types/react": "*",
        "react": "^16.8.0 || ^17.0.0 || ^18.0.0 || ^19.0.0 || ^19.0.0-rc"
      },
      "peerDependenciesMeta": {
        "@types/react": {
          "optional": true
        }
      }
    },

      },
      "engines": {
        "node": ">=10"
      },
      "peerDependencies": {
        "@types/react": "*",
        "react": "^16.8.0 || ^17.0.0 || ^18.0.0 || ^19.0.0 || ^19.0.0-rc"
      },
      "peerDependenciesMeta": {
        "@types/react": {
          "optional": true
        }
      }
    },

      },
      "engines": {
        "node": ">= 6"
      }
    },

      },
      "engines": {
        "node": ">=8.10.0"
      }
    },


      "engines": {
        "node": ">=8"
      }
    },

      },
      "engines": {
        "node": ">= 0.4"
      },
      "funding": {
        "url": "https://github.com/sponsors/ljharb"
      }
    },

      "engines": {
        "node": ">=4"
      }
    },

      "engines": {
        "node": ">=6"
      }
    },

      "engines": {
        "node": ">=0.10.0"
      }
    },

      },
      "engines": {
        "node": ">= 0.4"
      },
      "funding": {
        "url": "https://github.com/sponsors/ljharb"
      }
    },

      "engines": {
        "node": ">=8"
      }
    },

      "engines": {
        "node": ">=8"
      }
    },

      "license": "MIT",
      "dependencies": {
        "shebang-regex": "^3.0.0"
      },
      "engines": {

      "license": "MIT",
      "engines": {
        "node": ">= 4"
      }
    },

      },
      "bin": {
        "rimraf": "bin.js"
      },
      "funding": {
        "url": "https://github.com/sponsors/isaacs"
      }
    },

      "license": "MIT",
      "bin": {
        "rollup": "dist/bin/rollup"
      },
      "engines": {

      "engines": {
        "node": ">=8"
      }
    },

      },
      "engines": {
        "node": ">=10"
      }
    },

      "engines": {
        "node": ">=8"
      }
    },

      "license": "MIT",
      "dependencies": {
        "abab": "^2.0.5",
        "iconv-lite": "^0.6.3",
        "source-map-js": "^1.0.1"
      },
      "engines": {

      },
      "engines": {
        "node": ">= 0.8.0"
      }
    },

      "engines": {
        "node": ">=8"
      }
    },

      "license": "MIT",
      "engines": {
        "node": ">=8"
      }
    },
    "node_modules/path-parse": {
      "version": "1.0.7",
      "resolved": "https://registry.npmjs.org/path-parse/-/path-parse-1.0.7.tgz",
      "integrity": "sha512-LDJzPVEEEPR+y48z93A0Ed0yXb8pAByGWo/k5YYdYgpY2/2EsOsksJrq7lOHxryrVOn1ejG6oAp8ahvOIQD8sw==",
      "license": "MIT"
    },
    "node_modules/path-scurry": {
      "version": "1.11.1",
      "resolved": "https://registry.npmjs.org/path-scurry/-/path-scurry-1.11.1.tgz",
      "integrity": "sha512-Xa4Nw17FS9ApQFJ9umLiJS4orGjm7ZzwUrwamcGQuHSzDyth9boKDaycYdDcZDuqYATXw4HFXgaqWTctW/v1HA==",
      "license": "BlueOak-1.0.0",
      "dependencies": {

      },
      "engines": {
        "node": ">=4"
      }
    },

      "license": "MIT",
      "dependencies": {
        "browserslist": "^4.21.4",
        "postcss-value-parser": "^4.2.0"
      },
      "engines": {

      },
      "bin": {
        "json5": "lib/cli.js"
      }
    },
    "node_modules/tsconfig-paths/node_modules/strip-bom": {
      "version": "3.0.0",
      "resolved": "https://registry.npmjs.org/strip-bom/-/strip-bom-3.0.0.tgz",
      "integrity": "sha512-vavAMRXOgBVNF6nyEEmL3DBK19iRpDcoIwW+swQ+CbGiu7lju6t+JklA1MHweoWtadgt4ISVUsXLyDq34ddcwA==",
      "license": "MIT",
      "engines": {

      "engines": {
        "node": ">=4"
      }
    },

      },
      "engines": {
        "node": "^10 || ^12 || >= 14"
      },
      "peerDependencies": {
        "postcss": "^8.1.0"
      }
    },
<
      "license": "MIT",
      "peerDependencies": {
        "postcss": "^8"
      }
    },
    "node_modules/postcss-place": {
      "version": "7.0.5",
      "resolved": "https://registry.npmjs.org/postcss-place/-/postcss-place-7.0.5.tgz",
      "integrity": "sha512-wR8igaZROA6Z4pv0d+bvVrvGY4GVHihBCBQieXFY3kuSuMyOmEnnfFzHl/tQuqHZkfkIVBEbDvYcFfHmpSet9g==",
      "license": "CC0-1.0",
      "dependencies": {

      "engines": {

      },
      "engines": {
        "node": ">=4"
      }
    },

      },
      "engines": {

      },
      "license": "MIT",
      "dependencies": {
        "workbox-core": "6.6.0"
      }
    },

      "license": "MIT",
      "dependencies": {
        "workbox-core": "6.6.0"
      }
    },

        "mitt": "^3.0.1",
        "regexparam": "^3.0.0",
        "use-sync-external-store": "^1.0.0"
      },
      "peerDependencies": {
        "react": ">=16.8.0"
      }
    },
    "node_modules/wrap-ansi": {
      "version": "7.0.0",
      "resolved": "https://registry.npmjs.org/wrap-ansi/-/wrap-ansi-7.0.0.tgz",
      "integrity": "sha512-YVGIj2kamLSTxw6NsZjoBxfSwsn0ycdesmc4p+Q21c5zPuZ1pl+NfxVdxPtdHvmNVOQ6XSYG4AUtyt/Fi7D16Q==",
      "license": "MIT",
      "dependencies": {
        "ansi-styles": "^4.0.0",
        "string-width": "^4.1.0",
        "strip-ansi": "^6.0.0"
      },
      "engines": {
        "node": ">=10"
      },
      "funding": {
        "url": "https://github.com/chalk/wrap-ansi?sponsor=1"
      }
    },
    "node_modules/wrap-ansi-cjs": {
      "name": "wrap-ansi",
      "version": "7.0.0",
      "resolved": "https://registry.npmjs.org/wrap-ansi/-/wrap-ansi-7.0.0.tgz",
      "integrity": "sha512-YVGIj2kamLSTxw6NsZjoBxfSwsn0ycdesmc4p+Q21c5zPuZ1pl+NfxVdxPtdHvmNVOQ6XSYG4AUtyt/Fi7D16Q==",
      "license": "MIT",
      "dependencies": {
        "ansi-styles": "^4.0.0",
        "string-width": "^4.1.0",
        "strip-ansi": "^6.0.0"
      },
      "engines": {
        "node": ">=10"
      },
      "funding": {
        "url": "https://github.com/chalk/wrap-ansi?sponsor=1"
      }
    },
    "node_modules/wrappy": {
      "version": "1.0.2",
      "resolved": "https://registry.npmjs.org/wrappy/-/wrappy-1.0.2.tgz",
      "integrity": "sha512-l4Sp/DRseor9wL6EvV2+TuQn63dMkPjZ/sp9XkghTEbV9KlPS1xUsZ3u7/IQO4wxtcFB4bgpQPRcR3QCvezPcQ==",
      "license": "ISC"
    },
    "node_modules/write-file-atomic": {
      "version": "3.0.3",
      "resolved": "https://registry.npmjs.org/write-file-atomic/-/write-file-atomic-3.0.3.tgz",
      "integrity": "sha512-AvHcyZ5JnSfq3ioSyjrBkH9yW4m7Ayk8/9My/DD9onKeu/94fwrMocemO2QAJFAlnnDN+ZDS+ZjAR5ua1/PV/Q==",
      "license": "ISC",
      "dependencies": {
        "imurmurhash": "^0.1.4",
        "is-typedarray": "^1.0.0",
        "signal-exit": "^3.0.2",
        "typedarray-to-buffer": "^3.1.5"
      }
    },
    "node_modules/ws": {

      },
      "peerDependenciesMeta": {
        "bufferutil": {
          "optional": true
        },
        "utf-8-validate": {
          "optional": true
        }
      }
    },
    "node_modules/xml-name-validator": {
      "version": "3.0.0",
      "resolved": "https://registry.npmjs.org/xml-name-validator/-/xml-name-validator-3.0.0.tgz",
      "integrity": "sha512-A5CUptxDsvxKJEU3yO6DuWBSJz/qizqzJKOMIfUJHETbBw/sFaDxgd6fxm1ewUaM0jZ444Fc5vC5ROYurg/4Pw==",
      "license": "Apache-2.0"
    },
    "node_modules/xmlchars": {
      "version": "2.2.0",
      "resolved": "https://registry.npmjs.org/xmlchars/-/xmlchars-2.2.0.tgz",
      "integrity": "sha512-JZnDKK8B0RCDw84FNdDAIpZK+JuJw+s7Lz8nksI7SIuU3UXJJslUthsi+uWBUYOwPFwW7W7PRLRfUKpxjtjFCw==",
      "license": "MIT"
    },
    "node_modules/xtend": {
      "version": "4.0.2",
      "resolved": "https://registry.npmjs.org/xtend/-/xtend-4.0.2.tgz",
      "integrity": "sha512-LKYU1iAXJXUgAXn9URjiu+MWhyUXHsvfp7mcuYm9dSUKK0/CjtrUwFAxD82/mCWbtLsGjFIad0wIsod4zrTAEQ==",
      "license": "MIT",
      "engines": {
        "node": ">=0.4"
      }
    },
    "node_modules/y18n": {
      "version": "5.0.8",
      "resolved": "https://registry.npmjs.org/y18n/-/y18n-5.0.8.tgz",
      "integrity": "sha512-0pfFzegeDWJHJIAmTLRP2DwHjdF5s7jo9tuztdQxAhINCdvS+3nGINqPd00AphqJR/0LhANUS6/+7SCb98YOfA==",
      "license": "ISC",
      "engines": {
        "node": ">=10"
      }
    },
    "node_modules/yallist": {
      "version": "3.1.1",
      "resolved": "https://registry.npmjs.org/yallist/-/yallist-3.1.1.tgz",
      "integrity": "sha512-a4UGQaWPH59mOXUYnAG2ewncQS4i4F43Tv3JoAM+s2VDAmS9NsK8GpDMLrCHPksFT7h3K6TOoUNn2pb7RoXx4g==",
      "license": "ISC"
    },
    "node_modules/yaml": {
      "version": "1.10.2",
      "resolved": "https://registry.npmjs.org/yaml/-/yaml-1.10.2.tgz",
      "integrity": "sha512-r3vXyErRCYJ7wg28yvBY5VSoAF8ZvlcW9/BwUzEtUsjvX/DKs24dIkuwjtuprwJJHsbyUbLApepYTR1BN4uHrg==",
      "license": "ISC",
      "engines": {
        "node": ">= 6"
      }
    },
    "node_modules/yargs": {
      "version": "16.2.0",
      "resolved": "https://registry.npmjs.org/yargs/-/yargs-16.2.0.tgz",
      "integrity": "sha512-D1mvvtDG0L5ft/jGWkLpG1+m0eQxOfaBvTNELraWj22wSVUMWxZUvYgJYcKh6jGGIkJFhH4IZPQhR4TKpc8mBw==",
      "license": "MIT",
      "dependencies": {
        "cliui": "^7.0.2",
        "escalade": "^3.1.1",
        "get-caller-file": "^2.0.5",
        "require-directory": "^2.1.1",
        "string-width": "^4.2.0",
        "y18n": "^5.0.5",
        "yargs-parser": "^20.2.2"
      },
      "engines": {
        "node": ">=10"
      }
    },
    "node_modules/yargs-parser": {
      "version": "20.2.9",
      "resolved": "https://registry.npmjs.org/yargs-parser/-/yargs-parser-20.2.9.tgz",
      "integrity": "sha512-y11nGElTIV+CT3Zv9t7VKl+Q3hTQoT9a1Qzezhhl6Rp21gJ/IVTW7Z3y9EWXhuUBC2Shnf+DX0antecpAwSP8w==",
      "license": "ISC",
      "engines": {
        "node": ">=10"
      }
    },

    "node_modules/yocto-queue": {
      "version": "0.1.0",
      "resolved": "https://registry.npmjs.org/yocto-queue/-/yocto-queue-0.1.0.tgz",
      "integrity": "sha512-rVksvsnNCdJ/ohGc6xgPwyN8eheCxsiLM8mxuE/t/mOVqJewPuO1miLpTHQiRgTKCLexL4MeAFVagts7HmNZ2Q==",
      "license": "MIT",
      "engines": {
        "node": ">=10"
      },
      "funding": {
        "url": "https://github.com/sponsors/sindresorhus"
      }
    },
    "node_modules/zod": {

      "license": "MIT",
      "funding": {
        "url": "https://github.com/sponsors/colinhacks"
      }
    }
  }
}
